
Microsoft Visual Studio Solution File, Format Version 12.00
# Visual Studio 15
VisualStudioVersion = 15.0.27130.2036
MinimumVisualStudioVersion = 10.0.40219.1
Project("{FAE04EC0-301F-11D3-BF4B-00C04F79EFBC}") = "CoolestLibrary", "CoolestLibrary\CoolestLibrary.csproj", "{FF24581D-9913-4E33-83C2-9A649774FE75}"
EndProject
Project("{2150E333-8FDC-42A3-9474-1A3956D46DE8}") = "Tests", "Tests", "{3CC0894A-A235-4A71-B4DF-9D429D888A41}"
EndProject
Project("{FAE04EC0-301F-11D3-BF4B-00C04F79EFBC}") = "CoolestLibraryTests", "CoolestLibraryTests\CoolestLibraryTests.csproj", "{BB057BAE-1762-477B-876A-67A2026B0247}"
EndProject
Global
	GlobalSection(SolutionConfigurationPlatforms) = preSolution
		Debug|Any CPU = Debug|Any CPU
		Release|Any CPU = Release|Any CPU
	EndGlobalSection
	GlobalSection(ProjectConfigurationPlatforms) = postSolution
		{FF24581D-9913-4E33-83C2-9A649774FE75}.Debug|Any CPU.ActiveCfg = Debug|Any CPU
		{FF24581D-9913-4E33-83C2-9A649774FE75}.Debug|Any CPU.Build.0 = Debug|Any CPU
		{FF24581D-9913-4E33-83C2-9A649774FE75}.Release|Any CPU.ActiveCfg = Release|Any CPU
		{FF24581D-9913-4E33-83C2-9A649774FE75}.Release|Any CPU.Build.0 = Release|Any CPU
		{BB057BAE-1762-477B-876A-67A2026B0247}.Debug|Any CPU.ActiveCfg = Debug|Any CPU
		{BB057BAE-1762-477B-876A-67A2026B0247}.Debug|Any CPU.Build.0 = Debug|Any CPU
		{BB057BAE-1762-477B-876A-67A2026B0247}.Release|Any CPU.ActiveCfg = Release|Any CPU
		{BB057BAE-1762-477B-876A-67A2026B0247}.Release|Any CPU.Build.0 = Release|Any CPU
	EndGlobalSection
	GlobalSection(SolutionProperties) = preSolution
		HideSolutionNode = FALSE
	EndGlobalSection
	GlobalSection(NestedProjects) = preSolution
		{BB057BAE-1762-477B-876A-67A2026B0247} = {3CC0894A-A235-4A71-B4DF-9D429D888A41}
	EndGlobalSection
	GlobalSection(ExtensibilityGlobals) = postSolution
		SolutionGuid = {FB9EEDEE-2BDF-48FA-AE43-5395683204EC}
	EndGlobalSection
EndGlobal
